
Microsoft Visual Studio Solution File, Format Version 12.00
Project("{FAE04EC0-301F-11D3-BF4B-00C04F79EFBC}") = "Retake", "Retake\Retake.csproj", "{0207929D-5F89-47DF-8B78-72FBD64A4B05}"
EndProject
Global
	GlobalSection(SolutionConfigurationPlatforms) = preSolution
		Debug|Any CPU = Debug|Any CPU
		Release|Any CPU = Release|Any CPU
	EndGlobalSection
	GlobalSection(ProjectConfigurationPlatforms) = postSolution
		{0207929D-5F89-47DF-8B78-72FBD64A4B05}.Debug|Any CPU.ActiveCfg = Debug|Any CPU
		{0207929D-5F89-47DF-8B78-72FBD64A4B05}.Debug|Any CPU.Build.0 = Debug|Any CPU
		{0207929D-5F89-47DF-8B78-72FBD64A4B05}.Release|Any CPU.ActiveCfg = Release|Any CPU
		{0207929D-5F89-47DF-8B78-72FBD64A4B05}.Release|Any CPU.Build.0 = Release|Any CPU
	EndGlobalSection
EndGlobal
